
Microsoft Visual Studio Solution File, Format Version 12.00
# Visual Studio Version 16
VisualStudioVersion = 16.0.32802.440
MinimumVisualStudioVersion = 10.0.40219.1
Project("{FAE04EC0-301F-11D3-BF4B-00C04F79EFBC}") = "KidHealthFuzzyLogic", "KidHealthFuzzyLogic\KidHealthFuzzyLogic.csproj", "{8EF2B823-F8E3-4FE6-9745-3B1AAEA3107E}"
EndProject
Global
	GlobalSection(SolutionConfigurationPlatforms) = preSolution
		Debug|Any CPU = Debug|Any CPU
		Release|Any CPU = Release|Any CPU
	EndGlobalSection
	GlobalSection(ProjectConfigurationPlatforms) = postSolution
		{8EF2B823-F8E3-4FE6-9745-3B1AAEA3107E}.Debug|Any CPU.ActiveCfg = Debug|Any CPU
		{8EF2B823-F8E3-4FE6-9745-3B1AAEA3107E}.Debug|Any CPU.Build.0 = Debug|Any CPU
		{8EF2B823-F8E3-4FE6-9745-3B1AAEA3107E}.Release|Any CPU.ActiveCfg = Release|Any CPU
		{8EF2B823-F8E3-4FE6-9745-3B1AAEA3107E}.Release|Any CPU.Build.0 = Release|Any CPU
	EndGlobalSection
	GlobalSection(SolutionProperties) = preSolution
		HideSolutionNode = FALSE
	EndGlobalSection
	GlobalSection(ExtensibilityGlobals) = postSolution
		SolutionGuid = {A7235F15-3CC2-452F-8A53-E2DBB3BAED69}
	EndGlobalSection
EndGlobal
